
Microsoft Visual Studio Solution File, Format Version 12.00
# Visual Studio Version 16
VisualStudioVersion = 16.0.30406.217
MinimumVisualStudioVersion = 10.0.40219.1
Project("{8BC9CEB8-8B4A-11D0-8D11-00A0C91BC942}") = "Sandbox", "Sandbox\Sandbox.vcxproj", "{DAAB3A98-9ED6-40A4-B617-41D9061BFC44}"
EndProject
Project("{8BC9CEB8-8B4A-11D0-8D11-00A0C91BC942}") = "EthaneEngine", "EthaneEngine\EthaneEngine.vcxproj", "{73E57569-2306-470D-A749-45273FA368E6}"
EndProject
Global
	GlobalSection(SolutionConfigurationPlatforms) = preSolution
		Debug|x64 = Debug|x64
		Release|x64 = Release|x64
	EndGlobalSection
	GlobalSection(ProjectConfigurationPlatforms) = postSolution
		{73E57569-2306-470D-A749-45273FA368E6}.Debug|x64.ActiveCfg = Debug|x64
		{73E57569-2306-470D-A749-45273FA368E6}.Debug|x64.Build.0 = Debug|x64
		{73E57569-2306-470D-A749-45273FA368E6}.Release|x64.ActiveCfg = Release|x64
		{73E57569-2306-470D-A749-45273FA368E6}.Release|x64.Build.0 = Release|x64
		{DAAB3A98-9ED6-40A4-B617-41D9061BFC44}.Debug|x64.ActiveCfg = Debug|x64
		{DAAB3A98-9ED6-40A4-B617-41D9061BFC44}.Debug|x64.Build.0 = Debug|x64
		{DAAB3A98-9ED6-40A4-B617-41D9061BFC44}.Release|x64.ActiveCfg = Release|x64
		{DAAB3A98-9ED6-40A4-B617-41D9061BFC44}.Release|x64.Build.0 = Release|x64
	EndGlobalSection
	GlobalSection(SolutionProperties) = preSolution
		HideSolutionNode = FALSE
	EndGlobalSection
	GlobalSection(ExtensibilityGlobals) = postSolution
		SolutionGuid = {A9801FCB-4498-41A4-9A29-479E222A2181}
	EndGlobalSection
EndGlobal
