<?xml version="1.0" encoding="utf-8"?>
<Project ToolsVersion="4.0" xmlns="http://schemas.microsoft.com/developer/msbuild/2003">
  <ItemGroup>
    <Filter Include="Ethane">
      <UniqueIdentifier>{3AC540B1-2667-6B87-0F22-7FDBFB62F2D7}</UniqueIdentifier>
    </Filter>
  </ItemGroup>
  <ItemGroup>
    <ClInclude Include="src\Ethane.h" />
    <ClInclude Include="src\Ethane\Application.h">
      <Filter>Ethane</Filter>
    </ClInclude>
    <ClInclude Include="src\Ethane\EntryPoint.h">
      <Filter>Ethane</Filter>
    </ClInclude>
    <ClInclude Include="src\Ethane\Log.h">
      <Filter>Ethane</Filter>
    </ClInclude>
    <ClInclude Include="src\Ethane\core.h">
      <Filter>Ethane</Filter>
    </ClInclude>
  </ItemGroup>
  <ItemGroup>
    <ClCompile Include="src\Ethane\Application.cpp">
      <Filter>Ethane</Filter>
    </ClCompile>
    <ClCompile Include="src\Ethane\Log.cpp">
      <Filter>Ethane</Filter>
    </ClCompile>
  </ItemGroup>
</Project>