<?xml version="1.0" encoding="utf-8"?>
<Project ToolsVersion="4.0" xmlns="http://schemas.microsoft.com/developer/msbuild/2003">
  <ItemGroup>
    <Filter Include="Ethane">
      <UniqueIdentifier>{3AC540B1-2667-6B87-0F22-7FDBFB62F2D7}</UniqueIdentifier>
    </Filter>
    <Filter Include="Ethane\Events">
      <UniqueIdentifier>{DE0B71C4-4ACC-ECFA-1307-36787F8631D7}</UniqueIdentifier>
    </Filter>
    <Filter Include="Ethane\ImGui">
      <UniqueIdentifier>{E4BDBA15-D020-4ABA-79A6-827065E8153D}</UniqueIdentifier>
    </Filter>
    <Filter Include="Platform">
      <UniqueIdentifier>{2AC788B4-1694-E3BF-3FAD-D1672BD9184E}</UniqueIdentifier>
    </Filter>
    <Filter Include="Platform\OpenGL">
      <UniqueIdentifier>{1E7D2C1D-8A08-9AE1-9319-1DD6FF23F6E1}</UniqueIdentifier>
    </Filter>
    <Filter Include="Platform\Windows">
      <UniqueIdentifier>{64FBD71A-50F4-F66C-7926-DCF1657ED678}</UniqueIdentifier>
    </Filter>
  </ItemGroup>
  <ItemGroup>
    <ClInclude Include="src\Ethane.h" />
    <ClInclude Include="src\Ethane\Application.h">
      <Filter>Ethane</Filter>
    </ClInclude>
    <ClInclude Include="src\Ethane\Core.h">
      <Filter>Ethane</Filter>
    </ClInclude>
    <ClInclude Include="src\Ethane\EntryPoint.h">
      <Filter>Ethane</Filter>
    </ClInclude>
    <ClInclude Include="src\Ethane\Events\ApplicationEvent.h">
      <Filter>Ethane\Events</Filter>
    </ClInclude>
    <ClInclude Include="src\Ethane\Events\Event.h">
      <Filter>Ethane\Events</Filter>
    </ClInclude>
    <ClInclude Include="src\Ethane\Events\KeyEvent.h">
      <Filter>Ethane\Events</Filter>
    </ClInclude>
    <ClInclude Include="src\Ethane\Events\MouseEvent.h">
      <Filter>Ethane\Events</Filter>
    </ClInclude>
    <ClInclude Include="src\Ethane\ImGui\ImGuiLayer.h">
      <Filter>Ethane\ImGui</Filter>
    </ClInclude>
    <ClInclude Include="src\Ethane\Layer.h">
      <Filter>Ethane</Filter>
    </ClInclude>
    <ClInclude Include="src\Ethane\LayerStack.h">
      <Filter>Ethane</Filter>
    </ClInclude>
    <ClInclude Include="src\Ethane\Log.h">
      <Filter>Ethane</Filter>
    </ClInclude>
    <ClInclude Include="src\Ethane\Window.h">
      <Filter>Ethane</Filter>
    </ClInclude>
    <ClInclude Include="src\Platform\OpenGL\ImGuiOpenGLRenderer.h">
      <Filter>Platform\OpenGL</Filter>
    </ClInclude>
    <ClInclude Include="src\Platform\Windows\WindowsWindow.h">
      <Filter>Platform\Windows</Filter>
    </ClInclude>
    <ClInclude Include="src\ethpch.h" />
  </ItemGroup>
  <ItemGroup>
    <ClCompile Include="src\Ethane\Application.cpp">
      <Filter>Ethane</Filter>
    </ClCompile>
    <ClCompile Include="src\Ethane\ImGui\ImGuiLayer.cpp">
      <Filter>Ethane\ImGui</Filter>
    </ClCompile>
    <ClCompile Include="src\Ethane\Layer.cpp">
      <Filter>Ethane</Filter>
    </ClCompile>
    <ClCompile Include="src\Ethane\LayerStack.cpp">
      <Filter>Ethane</Filter>
    </ClCompile>
    <ClCompile Include="src\Ethane\Log.cpp">
      <Filter>Ethane</Filter>
    </ClCompile>
    <ClCompile Include="src\Platform\OpenGL\ImGuiOpenGLRenderer.cpp">
      <Filter>Platform\OpenGL</Filter>
    </ClCompile>
    <ClCompile Include="src\Platform\Windows\WindowsWindow.cpp">
      <Filter>Platform\Windows</Filter>
    </ClCompile>
    <ClCompile Include="src\ethpch.cpp" />
  </ItemGroup>
</Project>